<?xml version="1.0" encoding="UTF-8" standalone="yes" ?>
<CodeBlocks_project_file>
   <FileVersion major="1" minor="6" />
   <Project>
      <Option title="optilab_binary" />
      <Option makefile_is_custom="1" />
      <Option compiler="gcc" />
      <Option virtualFolders="CMake Files\;CMake Files\cmake\;CMake Files\..\;CMake Files\..\..\;CMake Files\..\..\..\;CMake Files\..\..\..\..\;CMake Files\..\..\..\..\usr\;CMake Files\..\..\..\..\usr\lib\;CMake Files\..\..\..\..\usr\lib\x86_64-linux-gnu\;CMake Files\..\..\..\..\usr\lib\x86_64-linux-gnu\cmake\;CMake Files\..\..\..\..\usr\lib\x86_64-linux-gnu\cmake\Qt5Core\;CMake Files\..\..\..\..\usr\lib\x86_64-linux-gnu\cmake\Qt5Gui\;CMake Files\..\..\..\..\usr\lib\x86_64-linux-gnu\cmake\Qt5OpenGL\;CMake Files\..\..\..\..\usr\lib\x86_64-linux-gnu\cmake\Qt5Widgets\;CMake Files\..\..\..\..\usr\lib\x86_64-linux-gnu\cmake\Qt5PrintSupport\;CMake Files\..\..\..\..\usr\lib\x86_64-linux-gnu\cmake\Qt5Svg\;CMake Files\..\..\..\..\usr\lib\x86_64-linux-gnu\cmake\Qt5Network\;CMake Files\..\..\..\..\usr\lib\x86_64-linux-gnu\cmake\Qt5WebKit\;CMake Files\..\..\..\..\usr\lib\x86_64-linux-gnu\cmake\Qt5WebKitWidgets\;CMake Files\..\..\..\..\usr\lib\x86_64-linux-gnu\cmake\Qt5Xml\;CMake Files\..\..\..\..\usr\lib\x86_64-linux-gnu\cmake\Qt5XmlPatterns\;CMake Files\..\..\..\..\usr\lib\x86_64-linux-gnu\cmake\Qt5UiTools\;CMake Files\util\;CMake Files\resources_source\;CMake Files\dealii\;CMake Files\dealii\build\;CMake Files\dealii\build\lib\;CMake Files\dealii\build\lib\cmake\;CMake Files\dealii\build\lib\cmake\deal.II\;CMake Files\dealii\build\share\;CMake Files\dealii\build\share\deal.II\;CMake Files\dealii\build\share\deal.II\macros\;CMake Files\3rdparty\;CMake Files\3rdparty\ctemplate\;CMake Files\3rdparty\libdxfrw\;CMake Files\3rdparty\poly2tri\;CMake Files\3rdparty\qcustomplot\;CMake Files\3rdparty\quazip\;CMake Files\3rdparty\stb_truetype\;CMake Files\3rdparty\qtsingleapplication\;CMake Files\3rdparty\matio\;CMake Files\3rdparty\triangle\;CMake Files\pythonlab-library\;CMake Files\pythonlab-binary\;CMake Files\agros2d-library\;CMake Files\agros2d-binary\;CMake Files\agros2d-solver\;CMake Files\agros2d-generator\;CMake Files\agros2d-remote\;CMake Files\optilab-binary\;CMake Files\solver-external\;" />
      <Build>
      <Target title="all">
         <Option working_dir="/home/karban/Projects/agros2d-dealii/optilab-binary" />
         <Option type="4" />
         <MakeCommands>
            <Build command="/usr/bin/make -f &quot;/home/karban/Projects/agros2d-dealii/optilab-binary/Makefile&quot;  VERBOSE=1 all" />
            <CompileFile command="/usr/bin/make -f &quot;/home/karban/Projects/agros2d-dealii/optilab-binary/Makefile&quot;  VERBOSE=1 &quot;$file&quot;" />
            <Clean command="/usr/bin/make -f &quot;/home/karban/Projects/agros2d-dealii/optilab-binary/Makefile&quot;  VERBOSE=1 clean" />
            <DistClean command="/usr/bin/make -f &quot;/home/karban/Projects/agros2d-dealii/optilab-binary/Makefile&quot;  VERBOSE=1 clean" />
         </MakeCommands>
      </Target>
      <Target title="optilab_binary">
         <Option output="/home/karban/Projects/agros2d-dealii/optilab" prefix_auto="0" extension_auto="0" />
         <Option working_dir="/home/karban/Projects/agros2d-dealii/" />
         <Option object_output="./" />
         <Option type="1" />
         <Option compiler="gcc" />
         <Compiler>
            <Add option="-DQT_CORE_LIB" />
            <Add option="-DQT_WIDGETS_LIB" />
            <Add option="-DQT_GUI_LIB" />
            <Add option="-DQT_NETWORK_LIB" />
            <Add option="-DQT_XML_LIB" />
            <Add option="-DQT_XMLPATTERNS_LIB" />
            <Add option="-DQT_WEBKIT_LIB" />
            <Add option="-DQT_WEBKITWIDGETS_LIB" />
            <Add option="-DQT_OPENGL_LIB" />
            <Add option="-DTBB_FOUND" />
            <Add option="-DUNICODE" />
            <Add option="-D_UNICODE" />
            <Add option="-DBOOST_ALL_NO_LIB" />
            <Add option="-DQT_SVG_LIB" />
            <Add option="-DQT_UITOOLS_LIB" />
            <Add option="-DQT_PRINTSUPPORT_LIB" />
            <Add directory="/home/karban/Projects/agros2d-dealii/3rdparty" />
            <Add directory="/home/karban/Projects/agros2d-dealii/3rdparty/bson" />
            <Add directory="/home/karban/Projects/agros2d-dealii/3rdparty/ctemplate" />
            <Add directory="/home/karban/Projects/agros2d-dealii/3rdparty/ctemplate/linux" />
            <Add directory="/home/karban/Projects/agros2d-dealii/3rdparty/libdxfrw" />
            <Add directory="/home/karban/Projects/agros2d-dealii/3rdparty/matio" />
            <Add directory="/home/karban/Projects/agros2d-dealii/3rdparty/paralution/build/inc" />
            <Add directory="/home/karban/Projects/agros2d-dealii/3rdparty/poly2tri" />
            <Add directory="/home/karban/Projects/agros2d-dealii/3rdparty/qcustomplot" />
            <Add directory="/home/karban/Projects/agros2d-dealii/3rdparty/qsingleapplication" />
            <Add directory="/home/karban/Projects/agros2d-dealii/3rdparty/quazip" />
            <Add directory="/home/karban/Projects/agros2d-dealii/agros2d-library" />
            <Add directory="/home/karban/Projects/agros2d-dealii/dealii/build/include" />
            <Add directory="/home/karban/Projects/agros2d-dealii/dealii/bundled/boost-1.56.0/include" />
            <Add directory="/home/karban/Projects/agros2d-dealii/dealii/bundled/muparser_v2_2_3/include" />
            <Add directory="/home/karban/Projects/agros2d-dealii/dealii/bundled/tbb41_20130401oss/include" />
            <Add directory="/home/karban/Projects/agros2d-dealii/dealii/bundled/umfpack/AMD/Include" />
            <Add directory="/home/karban/Projects/agros2d-dealii/dealii/bundled/umfpack/UMFPACK/Include" />
            <Add directory="/home/karban/Projects/agros2d-dealii/dealii/include" />
            <Add directory="/home/karban/Projects/agros2d-dealii/optilab-binary" />
            <Add directory="/home/karban/Projects/agros2d-dealii/pythonlab" />
            <Add directory="/home/karban/Projects/agros2d-dealii/pythonlab-library" />
            <Add directory="/home/karban/Projects/agros2d-dealii/util" />
            <Add directory="/usr/include/google" />
            <Add directory="/usr/include/python3.4m" />
            <Add directory="/usr/include/x86_64-linux-gnu/qt5" />
            <Add directory="/usr/include/x86_64-linux-gnu/qt5/QtCore" />
            <Add directory="/usr/include/x86_64-linux-gnu/qt5/QtGui" />
            <Add directory="/usr/include/x86_64-linux-gnu/qt5/QtNetwork" />
            <Add directory="/usr/include/x86_64-linux-gnu/qt5/QtOpenGL" />
            <Add directory="/usr/include/x86_64-linux-gnu/qt5/QtPrintSupport" />
            <Add directory="/usr/include/x86_64-linux-gnu/qt5/QtSvg" />
            <Add directory="/usr/include/x86_64-linux-gnu/qt5/QtUiTools" />
            <Add directory="/usr/include/x86_64-linux-gnu/qt5/QtWebKit" />
            <Add directory="/usr/include/x86_64-linux-gnu/qt5/QtWebKitWidgets" />
            <Add directory="/usr/include/x86_64-linux-gnu/qt5/QtWidgets" />
            <Add directory="/usr/include/x86_64-linux-gnu/qt5/QtXml" />
            <Add directory="/usr/include/x86_64-linux-gnu/qt5/QtXmlPatterns" />
            <Add directory="/usr/lib/x86_64-linux-gnu/qt5/mkspecs/linux-g++-64" />
         </Compiler>
         <MakeCommands>
            <Build command="/usr/bin/make -f &quot;/home/karban/Projects/agros2d-dealii/optilab-binary/Makefile&quot;  VERBOSE=1 optilab_binary" />
            <CompileFile command="/usr/bin/make -f &quot;/home/karban/Projects/agros2d-dealii/optilab-binary/Makefile&quot;  VERBOSE=1 &quot;$file&quot;" />
            <Clean command="/usr/bin/make -f &quot;/home/karban/Projects/agros2d-dealii/optilab-binary/Makefile&quot;  VERBOSE=1 clean" />
            <DistClean command="/usr/bin/make -f &quot;/home/karban/Projects/agros2d-dealii/optilab-binary/Makefile&quot;  VERBOSE=1 clean" />
         </MakeCommands>
      </Target>
      <Target title="optilab_binary/fast">
         <Option output="/home/karban/Projects/agros2d-dealii/optilab" prefix_auto="0" extension_auto="0" />
         <Option working_dir="/home/karban/Projects/agros2d-dealii/" />
         <Option object_output="./" />
         <Option type="1" />
         <Option compiler="gcc" />
         <Compiler>
            <Add option="-DQT_CORE_LIB" />
            <Add option="-DQT_WIDGETS_LIB" />
            <Add option="-DQT_GUI_LIB" />
            <Add option="-DQT_NETWORK_LIB" />
            <Add option="-DQT_XML_LIB" />
            <Add option="-DQT_XMLPATTERNS_LIB" />
            <Add option="-DQT_WEBKIT_LIB" />
            <Add option="-DQT_WEBKITWIDGETS_LIB" />
            <Add option="-DQT_OPENGL_LIB" />
            <Add option="-DTBB_FOUND" />
            <Add option="-DUNICODE" />
            <Add option="-D_UNICODE" />
            <Add option="-DBOOST_ALL_NO_LIB" />
            <Add option="-DQT_SVG_LIB" />
            <Add option="-DQT_UITOOLS_LIB" />
            <Add option="-DQT_PRINTSUPPORT_LIB" />
            <Add directory="/home/karban/Projects/agros2d-dealii/3rdparty" />
            <Add directory="/home/karban/Projects/agros2d-dealii/3rdparty/bson" />
            <Add directory="/home/karban/Projects/agros2d-dealii/3rdparty/ctemplate" />
            <Add directory="/home/karban/Projects/agros2d-dealii/3rdparty/ctemplate/linux" />
            <Add directory="/home/karban/Projects/agros2d-dealii/3rdparty/libdxfrw" />
            <Add directory="/home/karban/Projects/agros2d-dealii/3rdparty/matio" />
            <Add directory="/home/karban/Projects/agros2d-dealii/3rdparty/paralution/build/inc" />
            <Add directory="/home/karban/Projects/agros2d-dealii/3rdparty/poly2tri" />
            <Add directory="/home/karban/Projects/agros2d-dealii/3rdparty/qcustomplot" />
            <Add directory="/home/karban/Projects/agros2d-dealii/3rdparty/qsingleapplication" />
            <Add directory="/home/karban/Projects/agros2d-dealii/3rdparty/quazip" />
            <Add directory="/home/karban/Projects/agros2d-dealii/agros2d-library" />
            <Add directory="/home/karban/Projects/agros2d-dealii/dealii/build/include" />
            <Add directory="/home/karban/Projects/agros2d-dealii/dealii/bundled/boost-1.56.0/include" />
            <Add directory="/home/karban/Projects/agros2d-dealii/dealii/bundled/muparser_v2_2_3/include" />
            <Add directory="/home/karban/Projects/agros2d-dealii/dealii/bundled/tbb41_20130401oss/include" />
            <Add directory="/home/karban/Projects/agros2d-dealii/dealii/bundled/umfpack/AMD/Include" />
            <Add directory="/home/karban/Projects/agros2d-dealii/dealii/bundled/umfpack/UMFPACK/Include" />
            <Add directory="/home/karban/Projects/agros2d-dealii/dealii/include" />
            <Add directory="/home/karban/Projects/agros2d-dealii/optilab-binary" />
            <Add directory="/home/karban/Projects/agros2d-dealii/pythonlab" />
            <Add directory="/home/karban/Projects/agros2d-dealii/pythonlab-library" />
            <Add directory="/home/karban/Projects/agros2d-dealii/util" />
            <Add directory="/usr/include/google" />
            <Add directory="/usr/include/python3.4m" />
            <Add directory="/usr/include/x86_64-linux-gnu/qt5" />
            <Add directory="/usr/include/x86_64-linux-gnu/qt5/QtCore" />
            <Add directory="/usr/include/x86_64-linux-gnu/qt5/QtGui" />
            <Add directory="/usr/include/x86_64-linux-gnu/qt5/QtNetwork" />
            <Add directory="/usr/include/x86_64-linux-gnu/qt5/QtOpenGL" />
            <Add directory="/usr/include/x86_64-linux-gnu/qt5/QtPrintSupport" />
            <Add directory="/usr/include/x86_64-linux-gnu/qt5/QtSvg" />
            <Add directory="/usr/include/x86_64-linux-gnu/qt5/QtUiTools" />
            <Add directory="/usr/include/x86_64-linux-gnu/qt5/QtWebKit" />
            <Add directory="/usr/include/x86_64-linux-gnu/qt5/QtWebKitWidgets" />
            <Add directory="/usr/include/x86_64-linux-gnu/qt5/QtWidgets" />
            <Add directory="/usr/include/x86_64-linux-gnu/qt5/QtXml" />
            <Add directory="/usr/include/x86_64-linux-gnu/qt5/QtXmlPatterns" />
            <Add directory="/usr/lib/x86_64-linux-gnu/qt5/mkspecs/linux-g++-64" />
         </Compiler>
         <MakeCommands>
            <Build command="/usr/bin/make -f &quot;/home/karban/Projects/agros2d-dealii/optilab-binary/Makefile&quot;  VERBOSE=1 optilab_binary/fast" />
            <CompileFile command="/usr/bin/make -f &quot;/home/karban/Projects/agros2d-dealii/optilab-binary/Makefile&quot;  VERBOSE=1 &quot;$file&quot;" />
            <Clean command="/usr/bin/make -f &quot;/home/karban/Projects/agros2d-dealii/optilab-binary/Makefile&quot;  VERBOSE=1 clean" />
            <DistClean command="/usr/bin/make -f &quot;/home/karban/Projects/agros2d-dealii/optilab-binary/Makefile&quot;  VERBOSE=1 clean" />
         </MakeCommands>
      </Target>
      <Target title="optilab_binary_automoc">
         <Option working_dir="/home/karban/Projects/agros2d-dealii/optilab-binary" />
         <Option type="4" />
         <MakeCommands>
            <Build command="/usr/bin/make -f &quot;/home/karban/Projects/agros2d-dealii/optilab-binary/Makefile&quot;  VERBOSE=1 optilab_binary_automoc" />
            <CompileFile command="/usr/bin/make -f &quot;/home/karban/Projects/agros2d-dealii/optilab-binary/Makefile&quot;  VERBOSE=1 &quot;$file&quot;" />
            <Clean command="/usr/bin/make -f &quot;/home/karban/Projects/agros2d-dealii/optilab-binary/Makefile&quot;  VERBOSE=1 clean" />
            <DistClean command="/usr/bin/make -f &quot;/home/karban/Projects/agros2d-dealii/optilab-binary/Makefile&quot;  VERBOSE=1 clean" />
         </MakeCommands>
      </Target>
      </Build>
      <Unit filename="/home/karban/Projects/agros2d-dealii/optilab-binary/main.cpp">
      </Unit>
      <Unit filename="/home/karban/Projects/agros2d-dealii/optilab-binary/optilab.cpp">
      </Unit>
      <Unit filename="/home/karban/Projects/agros2d-dealii/optilab-binary/optilab_analyses.cpp">
      </Unit>
      <Unit filename="/home/karban/Projects/agros2d-dealii/optilab-binary/optilab_data.cpp">
      </Unit>
      <Unit filename="/home/karban/Projects/agros2d-dealii/optilab-binary/optilab_solver.cpp">
      </Unit>
      <Unit filename="/home/karban/Projects/agros2d-dealii/optilab-binary/optilab_variants.cpp">
      </Unit>
      <Unit filename="/home/karban/Projects/agros2d-dealii/optilab-binary/optilab.h">
      </Unit>
      <Unit filename="/home/karban/Projects/agros2d-dealii/optilab-binary/optilab_analyses.h">
      </Unit>
      <Unit filename="/home/karban/Projects/agros2d-dealii/optilab-binary/optilab_data.h">
      </Unit>
      <Unit filename="/home/karban/Projects/agros2d-dealii/optilab-binary/optilab_solver.h">
      </Unit>
      <Unit filename="/home/karban/Projects/agros2d-dealii/optilab-binary/optilab_variants.h">
      </Unit>
      <Unit filename="/home/karban/Projects/agros2d-dealii/CMakeLists.txt">
          <Option virtualFolder="CMake Files\" />
      </Unit>
      <Unit filename="/home/karban/Projects/agros2d-dealii/CMake.vars.Linux">
          <Option virtualFolder="CMake Files\" />
      </Unit>
      <Unit filename="/home/karban/Projects/agros2d-dealii/CMake.vars">
          <Option virtualFolder="CMake Files\" />
      </Unit>
      <Unit filename="/home/karban/Projects/agros2d-dealii/QtHandling.cmake">
          <Option virtualFolder="CMake Files\" />
      </Unit>
      <Unit filename="/home/karban/Projects/agros2d-dealii/CMakeQt.cmake">
          <Option virtualFolder="CMake Files\" />
      </Unit>
      <Unit filename="/home/karban/Projects/agros2d-dealii/IncludeSubdirs.cmake">
          <Option virtualFolder="CMake Files\" />
      </Unit>
      <Unit filename="/home/karban/Projects/agros2d-dealii/CTestConfig.cmake">
          <Option virtualFolder="CMake Files\" />
      </Unit>
      <Unit filename="/home/karban/Projects/agros2d-dealii/CMakeTests.cmake">
          <Option virtualFolder="CMake Files\" />
      </Unit>
      <Unit filename="/home/karban/Projects/agros2d-dealii/cmake/FindOpenGLCustom.cmake">
          <Option virtualFolder="CMake Files\cmake\" />
      </Unit>
      <Unit filename="/home/karban/Projects/agros2d-dealii/cmake/FindXSD.cmake">
          <Option virtualFolder="CMake Files\cmake\" />
      </Unit>
      <Unit filename="/home/karban/Projects/agros2d-dealii/cmake/FindXERCES.cmake">
          <Option virtualFolder="CMake Files\cmake\" />
      </Unit>
      <Unit filename="/home/karban/Projects/agros2d-dealii/cmake/FindPARALUTION.cmake">
          <Option virtualFolder="CMake Files\cmake\" />
      </Unit>
      <Unit filename="/home/karban/Projects/agros2d-dealii/cmake/FindTBB.cmake">
          <Option virtualFolder="CMake Files\cmake\" />
      </Unit>
      <Unit filename="/home/karban/Projects/agros2d-dealii/../../../../usr/lib/x86_64-linux-gnu/cmake/Qt5Core/Qt5CoreConfigVersion.cmake">
          <Option virtualFolder="CMake Files\..\..\..\..\usr\lib\x86_64-linux-gnu\cmake\Qt5Core\" />
      </Unit>
      <Unit filename="/home/karban/Projects/agros2d-dealii/../../../../usr/lib/x86_64-linux-gnu/cmake/Qt5Core/Qt5CoreConfig.cmake">
          <Option virtualFolder="CMake Files\..\..\..\..\usr\lib\x86_64-linux-gnu\cmake\Qt5Core\" />
      </Unit>
      <Unit filename="/home/karban/Projects/agros2d-dealii/../../../../usr/lib/x86_64-linux-gnu/cmake/Qt5Core/Qt5CoreConfigExtras.cmake">
          <Option virtualFolder="CMake Files\..\..\..\..\usr\lib\x86_64-linux-gnu\cmake\Qt5Core\" />
      </Unit>
      <Unit filename="/home/karban/Projects/agros2d-dealii/../../../../usr/lib/x86_64-linux-gnu/cmake/Qt5Core/Qt5CoreConfigExtrasMkspecDir.cmake">
          <Option virtualFolder="CMake Files\..\..\..\..\usr\lib\x86_64-linux-gnu\cmake\Qt5Core\" />
      </Unit>
      <Unit filename="/home/karban/Projects/agros2d-dealii/../../../../usr/lib/x86_64-linux-gnu/cmake/Qt5Core/Qt5CoreMacros.cmake">
          <Option virtualFolder="CMake Files\..\..\..\..\usr\lib\x86_64-linux-gnu\cmake\Qt5Core\" />
      </Unit>
      <Unit filename="/home/karban/Projects/agros2d-dealii/../../../../usr/lib/x86_64-linux-gnu/cmake/Qt5Gui/Qt5GuiConfigVersion.cmake">
          <Option virtualFolder="CMake Files\..\..\..\..\usr\lib\x86_64-linux-gnu\cmake\Qt5Gui\" />
      </Unit>
      <Unit filename="/home/karban/Projects/agros2d-dealii/../../../../usr/lib/x86_64-linux-gnu/cmake/Qt5Gui/Qt5GuiConfig.cmake">
          <Option virtualFolder="CMake Files\..\..\..\..\usr\lib\x86_64-linux-gnu\cmake\Qt5Gui\" />
      </Unit>
      <Unit filename="/home/karban/Projects/agros2d-dealii/../../../../usr/lib/x86_64-linux-gnu/cmake/Qt5Gui/Qt5GuiConfigExtras.cmake">
          <Option virtualFolder="CMake Files\..\..\..\..\usr\lib\x86_64-linux-gnu\cmake\Qt5Gui\" />
      </Unit>
      <Unit filename="/home/karban/Projects/agros2d-dealii/../../../../usr/lib/x86_64-linux-gnu/cmake/Qt5OpenGL/Qt5OpenGLConfigVersion.cmake">
          <Option virtualFolder="CMake Files\..\..\..\..\usr\lib\x86_64-linux-gnu\cmake\Qt5OpenGL\" />
      </Unit>
      <Unit filename="/home/karban/Projects/agros2d-dealii/../../../../usr/lib/x86_64-linux-gnu/cmake/Qt5OpenGL/Qt5OpenGLConfig.cmake">
          <Option virtualFolder="CMake Files\..\..\..\..\usr\lib\x86_64-linux-gnu\cmake\Qt5OpenGL\" />
      </Unit>
      <Unit filename="/home/karban/Projects/agros2d-dealii/../../../../usr/lib/x86_64-linux-gnu/cmake/Qt5Widgets/Qt5WidgetsConfigVersion.cmake">
          <Option virtualFolder="CMake Files\..\..\..\..\usr\lib\x86_64-linux-gnu\cmake\Qt5Widgets\" />
      </Unit>
      <Unit filename="/home/karban/Projects/agros2d-dealii/../../../../usr/lib/x86_64-linux-gnu/cmake/Qt5Widgets/Qt5WidgetsConfig.cmake">
          <Option virtualFolder="CMake Files\..\..\..\..\usr\lib\x86_64-linux-gnu\cmake\Qt5Widgets\" />
      </Unit>
      <Unit filename="/home/karban/Projects/agros2d-dealii/../../../../usr/lib/x86_64-linux-gnu/cmake/Qt5Widgets/Qt5WidgetsConfigExtras.cmake">
          <Option virtualFolder="CMake Files\..\..\..\..\usr\lib\x86_64-linux-gnu\cmake\Qt5Widgets\" />
      </Unit>
      <Unit filename="/home/karban/Projects/agros2d-dealii/../../../../usr/lib/x86_64-linux-gnu/cmake/Qt5Widgets/Qt5WidgetsMacros.cmake">
          <Option virtualFolder="CMake Files\..\..\..\..\usr\lib\x86_64-linux-gnu\cmake\Qt5Widgets\" />
      </Unit>
      <Unit filename="/home/karban/Projects/agros2d-dealii/../../../../usr/lib/x86_64-linux-gnu/cmake/Qt5Widgets/Qt5WidgetsConfigVersion.cmake">
          <Option virtualFolder="CMake Files\..\..\..\..\usr\lib\x86_64-linux-gnu\cmake\Qt5Widgets\" />
      </Unit>
      <Unit filename="/home/karban/Projects/agros2d-dealii/../../../../usr/lib/x86_64-linux-gnu/cmake/Qt5Widgets/Qt5WidgetsConfig.cmake">
          <Option virtualFolder="CMake Files\..\..\..\..\usr\lib\x86_64-linux-gnu\cmake\Qt5Widgets\" />
      </Unit>
      <Unit filename="/home/karban/Projects/agros2d-dealii/../../../../usr/lib/x86_64-linux-gnu/cmake/Qt5PrintSupport/Qt5PrintSupportConfigVersion.cmake">
          <Option virtualFolder="CMake Files\..\..\..\..\usr\lib\x86_64-linux-gnu\cmake\Qt5PrintSupport\" />
      </Unit>
      <Unit filename="/home/karban/Projects/agros2d-dealii/../../../../usr/lib/x86_64-linux-gnu/cmake/Qt5PrintSupport/Qt5PrintSupportConfig.cmake">
          <Option virtualFolder="CMake Files\..\..\..\..\usr\lib\x86_64-linux-gnu\cmake\Qt5PrintSupport\" />
      </Unit>
      <Unit filename="/home/karban/Projects/agros2d-dealii/../../../../usr/lib/x86_64-linux-gnu/cmake/Qt5Svg/Qt5SvgConfigVersion.cmake">
          <Option virtualFolder="CMake Files\..\..\..\..\usr\lib\x86_64-linux-gnu\cmake\Qt5Svg\" />
      </Unit>
      <Unit filename="/home/karban/Projects/agros2d-dealii/../../../../usr/lib/x86_64-linux-gnu/cmake/Qt5Svg/Qt5SvgConfig.cmake">
          <Option virtualFolder="CMake Files\..\..\..\..\usr\lib\x86_64-linux-gnu\cmake\Qt5Svg\" />
      </Unit>
      <Unit filename="/home/karban/Projects/agros2d-dealii/../../../../usr/lib/x86_64-linux-gnu/cmake/Qt5Svg/Qt5Svg_QSvgIconPlugin.cmake">
          <Option virtualFolder="CMake Files\..\..\..\..\usr\lib\x86_64-linux-gnu\cmake\Qt5Svg\" />
      </Unit>
      <Unit filename="/home/karban/Projects/agros2d-dealii/../../../../usr/lib/x86_64-linux-gnu/cmake/Qt5Svg/Qt5Svg_QSvgPlugin.cmake">
          <Option virtualFolder="CMake Files\..\..\..\..\usr\lib\x86_64-linux-gnu\cmake\Qt5Svg\" />
      </Unit>
      <Unit filename="/home/karban/Projects/agros2d-dealii/../../../../usr/lib/x86_64-linux-gnu/cmake/Qt5Network/Qt5NetworkConfigVersion.cmake">
          <Option virtualFolder="CMake Files\..\..\..\..\usr\lib\x86_64-linux-gnu\cmake\Qt5Network\" />
      </Unit>
      <Unit filename="/home/karban/Projects/agros2d-dealii/../../../../usr/lib/x86_64-linux-gnu/cmake/Qt5Network/Qt5NetworkConfig.cmake">
          <Option virtualFolder="CMake Files\..\..\..\..\usr\lib\x86_64-linux-gnu\cmake\Qt5Network\" />
      </Unit>
      <Unit filename="/home/karban/Projects/agros2d-dealii/../../../../usr/lib/x86_64-linux-gnu/cmake/Qt5WebKit/Qt5WebKitConfigVersion.cmake">
          <Option virtualFolder="CMake Files\..\..\..\..\usr\lib\x86_64-linux-gnu\cmake\Qt5WebKit\" />
      </Unit>
      <Unit filename="/home/karban/Projects/agros2d-dealii/../../../../usr/lib/x86_64-linux-gnu/cmake/Qt5WebKit/Qt5WebKitConfig.cmake">
          <Option virtualFolder="CMake Files\..\..\..\..\usr\lib\x86_64-linux-gnu\cmake\Qt5WebKit\" />
      </Unit>
      <Unit filename="/home/karban/Projects/agros2d-dealii/../../../../usr/lib/x86_64-linux-gnu/cmake/Qt5WebKitWidgets/Qt5WebKitWidgetsConfigVersion.cmake">
          <Option virtualFolder="CMake Files\..\..\..\..\usr\lib\x86_64-linux-gnu\cmake\Qt5WebKitWidgets\" />
      </Unit>
      <Unit filename="/home/karban/Projects/agros2d-dealii/../../../../usr/lib/x86_64-linux-gnu/cmake/Qt5WebKitWidgets/Qt5WebKitWidgetsConfig.cmake">
          <Option virtualFolder="CMake Files\..\..\..\..\usr\lib\x86_64-linux-gnu\cmake\Qt5WebKitWidgets\" />
      </Unit>
      <Unit filename="/home/karban/Projects/agros2d-dealii/../../../../usr/lib/x86_64-linux-gnu/cmake/Qt5Xml/Qt5XmlConfigVersion.cmake">
          <Option virtualFolder="CMake Files\..\..\..\..\usr\lib\x86_64-linux-gnu\cmake\Qt5Xml\" />
      </Unit>
      <Unit filename="/home/karban/Projects/agros2d-dealii/../../../../usr/lib/x86_64-linux-gnu/cmake/Qt5Xml/Qt5XmlConfig.cmake">
          <Option virtualFolder="CMake Files\..\..\..\..\usr\lib\x86_64-linux-gnu\cmake\Qt5Xml\" />
      </Unit>
      <Unit filename="/home/karban/Projects/agros2d-dealii/../../../../usr/lib/x86_64-linux-gnu/cmake/Qt5XmlPatterns/Qt5XmlPatternsConfigVersion.cmake">
          <Option virtualFolder="CMake Files\..\..\..\..\usr\lib\x86_64-linux-gnu\cmake\Qt5XmlPatterns\" />
      </Unit>
      <Unit filename="/home/karban/Projects/agros2d-dealii/../../../../usr/lib/x86_64-linux-gnu/cmake/Qt5XmlPatterns/Qt5XmlPatternsConfig.cmake">
          <Option virtualFolder="CMake Files\..\..\..\..\usr\lib\x86_64-linux-gnu\cmake\Qt5XmlPatterns\" />
      </Unit>
      <Unit filename="/home/karban/Projects/agros2d-dealii/../../../../usr/lib/x86_64-linux-gnu/cmake/Qt5UiTools/Qt5UiToolsConfigVersion.cmake">
          <Option virtualFolder="CMake Files\..\..\..\..\usr\lib\x86_64-linux-gnu\cmake\Qt5UiTools\" />
      </Unit>
      <Unit filename="/home/karban/Projects/agros2d-dealii/../../../../usr/lib/x86_64-linux-gnu/cmake/Qt5UiTools/Qt5UiToolsConfig.cmake">
          <Option virtualFolder="CMake Files\..\..\..\..\usr\lib\x86_64-linux-gnu\cmake\Qt5UiTools\" />
      </Unit>
      <Unit filename="/home/karban/Projects/agros2d-dealii/util/config.h.cmake">
          <Option virtualFolder="CMake Files\util\" />
      </Unit>
      <Unit filename="/home/karban/Projects/agros2d-dealii/util/CMakeLists.txt">
          <Option virtualFolder="CMake Files\util\" />
      </Unit>
      <Unit filename="/home/karban/Projects/agros2d-dealii/util/CMakeLists.txt">
          <Option virtualFolder="CMake Files\util\" />
      </Unit>
      <Unit filename="/home/karban/Projects/agros2d-dealii/resources_source/resources.rc.cmake">
          <Option virtualFolder="CMake Files\resources_source\" />
      </Unit>
      <Unit filename="/home/karban/Projects/agros2d-dealii/resources_source/resources.qrc">
          <Option virtualFolder="CMake Files\resources_source\" />
      </Unit>
      <Unit filename="/home/karban/Projects/agros2d-dealii/resources_source/resources.qrc">
          <Option virtualFolder="CMake Files\resources_source\" />
      </Unit>
      <Unit filename="/home/karban/Projects/agros2d-dealii/resources_source/resources.qrc">
          <Option virtualFolder="CMake Files\resources_source\" />
      </Unit>
      <Unit filename="/home/karban/Projects/agros2d-dealii/resources_source/resources.qrc">
          <Option virtualFolder="CMake Files\resources_source\" />
      </Unit>
      <Unit filename="/home/karban/Projects/agros2d-dealii/dealii/build/lib/cmake/deal.II/deal.IIConfigVersion.cmake">
          <Option virtualFolder="CMake Files\dealii\build\lib\cmake\deal.II\" />
      </Unit>
      <Unit filename="/home/karban/Projects/agros2d-dealii/dealii/build/lib/cmake/deal.II/deal.IIConfig.cmake">
          <Option virtualFolder="CMake Files\dealii\build\lib\cmake\deal.II\" />
      </Unit>
      <Unit filename="/home/karban/Projects/agros2d-dealii/dealii/build/share/deal.II/macros/macro_deal_ii_query_git_information.cmake">
          <Option virtualFolder="CMake Files\dealii\build\share\deal.II\macros\" />
      </Unit>
      <Unit filename="/home/karban/Projects/agros2d-dealii/dealii/build/share/deal.II/macros/macro_deal_ii_invoke_autopilot.cmake">
          <Option virtualFolder="CMake Files\dealii\build\share\deal.II\macros\" />
      </Unit>
      <Unit filename="/home/karban/Projects/agros2d-dealii/dealii/build/share/deal.II/macros/macro_deal_ii_setup_target.cmake">
          <Option virtualFolder="CMake Files\dealii\build\share\deal.II\macros\" />
      </Unit>
      <Unit filename="/home/karban/Projects/agros2d-dealii/dealii/build/share/deal.II/macros/macro_deal_ii_initialize_cached_variables.cmake">
          <Option virtualFolder="CMake Files\dealii\build\share\deal.II\macros\" />
      </Unit>
      <Unit filename="/home/karban/Projects/agros2d-dealii/dealii/build/share/deal.II/macros/macro_deal_ii_pickup_tests.cmake">
          <Option virtualFolder="CMake Files\dealii\build\share\deal.II\macros\" />
      </Unit>
      <Unit filename="/home/karban/Projects/agros2d-dealii/dealii/build/share/deal.II/macros/macro_deal_ii_add_test.cmake">
          <Option virtualFolder="CMake Files\dealii\build\share\deal.II\macros\" />
      </Unit>
      <Unit filename="/home/karban/Projects/agros2d-dealii/3rdparty/CMakeLists.txt">
          <Option virtualFolder="CMake Files\3rdparty\" />
      </Unit>
      <Unit filename="/home/karban/Projects/agros2d-dealii/3rdparty/ctemplate/CMakeLists.txt">
          <Option virtualFolder="CMake Files\3rdparty\ctemplate\" />
      </Unit>
      <Unit filename="/home/karban/Projects/agros2d-dealii/3rdparty/ctemplate/CMakeLists.txt">
          <Option virtualFolder="CMake Files\3rdparty\ctemplate\" />
      </Unit>
      <Unit filename="/home/karban/Projects/agros2d-dealii/3rdparty/libdxfrw/CMakeLists.txt">
          <Option virtualFolder="CMake Files\3rdparty\libdxfrw\" />
      </Unit>
      <Unit filename="/home/karban/Projects/agros2d-dealii/3rdparty/libdxfrw/CMakeLists.txt">
          <Option virtualFolder="CMake Files\3rdparty\libdxfrw\" />
      </Unit>
      <Unit filename="/home/karban/Projects/agros2d-dealii/3rdparty/poly2tri/CMakeLists.txt">
          <Option virtualFolder="CMake Files\3rdparty\poly2tri\" />
      </Unit>
      <Unit filename="/home/karban/Projects/agros2d-dealii/3rdparty/poly2tri/CMakeLists.txt">
          <Option virtualFolder="CMake Files\3rdparty\poly2tri\" />
      </Unit>
      <Unit filename="/home/karban/Projects/agros2d-dealii/3rdparty/qcustomplot/CMakeLists.txt">
          <Option virtualFolder="CMake Files\3rdparty\qcustomplot\" />
      </Unit>
      <Unit filename="/home/karban/Projects/agros2d-dealii/3rdparty/qcustomplot/CMakeLists.txt">
          <Option virtualFolder="CMake Files\3rdparty\qcustomplot\" />
      </Unit>
      <Unit filename="/home/karban/Projects/agros2d-dealii/3rdparty/quazip/CMakeLists.txt">
          <Option virtualFolder="CMake Files\3rdparty\quazip\" />
      </Unit>
      <Unit filename="/home/karban/Projects/agros2d-dealii/3rdparty/quazip/CMakeLists.txt">
          <Option virtualFolder="CMake Files\3rdparty\quazip\" />
      </Unit>
      <Unit filename="/home/karban/Projects/agros2d-dealii/3rdparty/stb_truetype/CMakeLists.txt">
          <Option virtualFolder="CMake Files\3rdparty\stb_truetype\" />
      </Unit>
      <Unit filename="/home/karban/Projects/agros2d-dealii/3rdparty/stb_truetype/CMakeLists.txt">
          <Option virtualFolder="CMake Files\3rdparty\stb_truetype\" />
      </Unit>
      <Unit filename="/home/karban/Projects/agros2d-dealii/3rdparty/qtsingleapplication/CMakeLists.txt">
          <Option virtualFolder="CMake Files\3rdparty\qtsingleapplication\" />
      </Unit>
      <Unit filename="/home/karban/Projects/agros2d-dealii/3rdparty/qtsingleapplication/CMakeLists.txt">
          <Option virtualFolder="CMake Files\3rdparty\qtsingleapplication\" />
      </Unit>
      <Unit filename="/home/karban/Projects/agros2d-dealii/3rdparty/matio/CMakeLists.txt">
          <Option virtualFolder="CMake Files\3rdparty\matio\" />
      </Unit>
      <Unit filename="/home/karban/Projects/agros2d-dealii/3rdparty/matio/CMakeLists.txt">
          <Option virtualFolder="CMake Files\3rdparty\matio\" />
      </Unit>
      <Unit filename="/home/karban/Projects/agros2d-dealii/3rdparty/triangle/CMakeLists.txt">
          <Option virtualFolder="CMake Files\3rdparty\triangle\" />
      </Unit>
      <Unit filename="/home/karban/Projects/agros2d-dealii/3rdparty/triangle/CMakeLists.txt">
          <Option virtualFolder="CMake Files\3rdparty\triangle\" />
      </Unit>
      <Unit filename="/home/karban/Projects/agros2d-dealii/pythonlab-library/CMakeLists.txt">
          <Option virtualFolder="CMake Files\pythonlab-library\" />
      </Unit>
      <Unit filename="/home/karban/Projects/agros2d-dealii/pythonlab-library/CMakeLists.txt">
          <Option virtualFolder="CMake Files\pythonlab-library\" />
      </Unit>
      <Unit filename="/home/karban/Projects/agros2d-dealii/pythonlab-binary/CMakeLists.txt">
          <Option virtualFolder="CMake Files\pythonlab-binary\" />
      </Unit>
      <Unit filename="/home/karban/Projects/agros2d-dealii/pythonlab-binary/CMakeLists.txt">
          <Option virtualFolder="CMake Files\pythonlab-binary\" />
      </Unit>
      <Unit filename="/home/karban/Projects/agros2d-dealii/agros2d-library/CMakeLists.txt">
          <Option virtualFolder="CMake Files\agros2d-library\" />
      </Unit>
      <Unit filename="/home/karban/Projects/agros2d-dealii/agros2d-library/CMakeLists.txt">
          <Option virtualFolder="CMake Files\agros2d-library\" />
      </Unit>
      <Unit filename="/home/karban/Projects/agros2d-dealii/agros2d-binary/CMakeLists.txt">
          <Option virtualFolder="CMake Files\agros2d-binary\" />
      </Unit>
      <Unit filename="/home/karban/Projects/agros2d-dealii/agros2d-binary/CMakeLists.txt">
          <Option virtualFolder="CMake Files\agros2d-binary\" />
      </Unit>
      <Unit filename="/home/karban/Projects/agros2d-dealii/agros2d-solver/CMakeLists.txt">
          <Option virtualFolder="CMake Files\agros2d-solver\" />
      </Unit>
      <Unit filename="/home/karban/Projects/agros2d-dealii/agros2d-solver/CMakeLists.txt">
          <Option virtualFolder="CMake Files\agros2d-solver\" />
      </Unit>
      <Unit filename="/home/karban/Projects/agros2d-dealii/agros2d-generator/CMakeLists.txt">
          <Option virtualFolder="CMake Files\agros2d-generator\" />
      </Unit>
      <Unit filename="/home/karban/Projects/agros2d-dealii/agros2d-generator/CMakeLists.txt">
          <Option virtualFolder="CMake Files\agros2d-generator\" />
      </Unit>
      <Unit filename="/home/karban/Projects/agros2d-dealii/agros2d-remote/CMakeLists.txt">
          <Option virtualFolder="CMake Files\agros2d-remote\" />
      </Unit>
      <Unit filename="/home/karban/Projects/agros2d-dealii/agros2d-remote/CMakeLists.txt">
          <Option virtualFolder="CMake Files\agros2d-remote\" />
      </Unit>
      <Unit filename="/home/karban/Projects/agros2d-dealii/optilab-binary/CMakeLists.txt">
          <Option virtualFolder="CMake Files\optilab-binary\" />
      </Unit>
      <Unit filename="/home/karban/Projects/agros2d-dealii/optilab-binary/CMakeLists.txt">
          <Option virtualFolder="CMake Files\optilab-binary\" />
      </Unit>
      <Unit filename="/home/karban/Projects/agros2d-dealii/solver-external/CMakeLists.txt">
          <Option virtualFolder="CMake Files\solver-external\" />
      </Unit>
      <Unit filename="/home/karban/Projects/agros2d-dealii/solver-external/CMakeLists.txt">
          <Option virtualFolder="CMake Files\solver-external\" />
      </Unit>
   </Project>
</CodeBlocks_project_file>
